Microsoft Visual Studio Solution File, Format Version 12.00
# Visual Studio 2012
Project("{FAE04EC0-301F-11D3-BF4B-00C04F79EFBC}") = "Super- Carl", "Super- Carl.csproj", "{5F67BBAD-106E-4F20-99AD-E6F46E20A5CE}"
EndProject
Global
	GlobalSection(SolutionConfigurationPlatforms) = preSolution
	Debug|Any CPU = Debug|Any CPU
	ExportDebug|Any CPU = ExportDebug|Any CPU
	ExportRelease|Any CPU = ExportRelease|Any CPU
	EndGlobalSection
	GlobalSection(ProjectConfigurationPlatforms) = postSolution
		{5F67BBAD-106E-4F20-99AD-E6F46E20A5CE}.Debug|Any CPU.ActiveCfg = Debug|Any CPU
		{5F67BBAD-106E-4F20-99AD-E6F46E20A5CE}.Debug|Any CPU.Build.0 = Debug|Any CPU
		{5F67BBAD-106E-4F20-99AD-E6F46E20A5CE}.ExportDebug|Any CPU.ActiveCfg = ExportDebug|Any CPU
		{5F67BBAD-106E-4F20-99AD-E6F46E20A5CE}.ExportDebug|Any CPU.Build.0 = ExportDebug|Any CPU
		{5F67BBAD-106E-4F20-99AD-E6F46E20A5CE}.ExportRelease|Any CPU.ActiveCfg = ExportRelease|Any CPU
		{5F67BBAD-106E-4F20-99AD-E6F46E20A5CE}.ExportRelease|Any CPU.Build.0 = ExportRelease|Any CPU
	EndGlobalSection
EndGlobal
